
Microsoft Visual Studio Solution File, Format Version 12.00
# Visual Studio 15
VisualStudioVersion = 15.0.36617.4
MinimumVisualStudioVersion = 10.0.40219.1
Project("{8BC9CEB8-8B4A-11D0-8D11-00A0C91BC942}") = "LibraryManagementSystem", "LibraryManagementSystem\LibraryManagementSystem.vcxproj", "{F586AF11-50A1-4083-AF1A-481FEDBB7FD9}"
EndProject
Global
	GlobalSection(SolutionConfigurationPlatforms) = preSolution
		Debug|x64 = Debug|x64
		Debug|x86 = Debug|x86
		Release|x64 = Release|x64
		Release|x86 = Release|x86
	EndGlobalSection
	GlobalSection(ProjectConfigurationPlatforms) = postSolution
		{F586AF11-50A1-4083-AF1A-481FEDBB7FD9}.Debug|x64.ActiveCfg = Debug|x64
		{F586AF11-50A1-4083-AF1A-481FEDBB7FD9}.Debug|x64.Build.0 = Debug|x64
		{F586AF11-50A1-4083-AF1A-481FEDBB7FD9}.Debug|x86.ActiveCfg = Debug|Win32
		{F586AF11-50A1-4083-AF1A-481FEDBB7FD9}.Debug|x86.Build.0 = Debug|Win32
		{F586AF11-50A1-4083-AF1A-481FEDBB7FD9}.Release|x64.ActiveCfg = Release|x64
		{F586AF11-50A1-4083-AF1A-481FEDBB7FD9}.Release|x64.Build.0 = Release|x64
		{F586AF11-50A1-4083-AF1A-481FEDBB7FD9}.Release|x86.ActiveCfg = Release|Win32
		{F586AF11-50A1-4083-AF1A-481FEDBB7FD9}.Release|x86.Build.0 = Release|Win32
	EndGlobalSection
	GlobalSection(SolutionProperties) = preSolution
		HideSolutionNode = FALSE
	EndGlobalSection
	GlobalSection(ExtensibilityGlobals) = postSolution
		SolutionGuid = {CE2DE255-E166-4B04-B4A7-51185D57206F}
	EndGlobalSection
EndGlobal
